
Microsoft Visual Studio Solution File, Format Version 9.00
# Visual Studio 2005
# SharpDevelop 4.2.2.8818
Project("{FAE04EC0-301F-11D3-BF4B-00C04F79EFBC}") = "Ponsole", "Ponsole.csproj", "{3A3EE4AA-CEAF-4A40-89EB-340EB428CECE}"
EndProject
Project("{FAE04EC0-301F-11D3-BF4B-00C04F79EFBC}") = "PonsoleTest", "PonsoleTest\PonsoleTest.csproj", "{C5EAC5EE-F781-4E81-BAD2-ADEF2514446D}"
EndProject
Global
	GlobalSection(SolutionConfigurationPlatforms) = preSolution
		Debug|Any CPU = Debug|Any CPU
		Release|Any CPU = Release|Any CPU
		Debug|Any CPU = Debug|Any CPU
		Release|Any CPU = Release|Any CPU
	EndGlobalSection
	GlobalSection(ProjectConfigurationPlatforms) = postSolution
		{3A3EE4AA-CEAF-4A40-89EB-340EB428CECE}.Debug|Any CPU.Build.0 = Debug|Any CPU
		{3A3EE4AA-CEAF-4A40-89EB-340EB428CECE}.Debug|Any CPU.ActiveCfg = Debug|Any CPU
		{3A3EE4AA-CEAF-4A40-89EB-340EB428CECE}.Release|Any CPU.Build.0 = Release|Any CPU
		{3A3EE4AA-CEAF-4A40-89EB-340EB428CECE}.Release|Any CPU.ActiveCfg = Release|Any CPU
		{C5EAC5EE-F781-4E81-BAD2-ADEF2514446D}.Debug|Any CPU.Build.0 = Debug|Any CPU
		{C5EAC5EE-F781-4E81-BAD2-ADEF2514446D}.Debug|Any CPU.ActiveCfg = Debug|Any CPU
		{C5EAC5EE-F781-4E81-BAD2-ADEF2514446D}.Release|Any CPU.Build.0 = Release|Any CPU
		{C5EAC5EE-F781-4E81-BAD2-ADEF2514446D}.Release|Any CPU.ActiveCfg = Release|Any CPU
	EndGlobalSection
EndGlobal
